// !$*UTF8*$!
{
	archiveVersion = 1;
	classes = {
	};
	objectVersion = 51;
	objects = {

/* Begin PBXBuildFile section */
		2F0861742534BC85009160B1 /* AppDelegate.swift in Sources */ = {isa = PBXBuildFile; fileRef = 2F0861732534BC85009160B1 /* AppDelegate.swift */; };
		2F0861762534BC85009160B1 /* SceneDelegate.swift in Sources */ = {isa = PBXBuildFile; fileRef = 2F0861752534BC85009160B1 /* SceneDelegate.swift */; };
		2F0861782534BC85009160B1 /* ViewController.swift in Sources */ = {isa = PBXBuildFile; fileRef = 2F0861772534BC85009160B1 /* ViewController.swift */; };
		2F08617B2534BC85009160B1 /* Main.storyboard in Resources */ = {isa = PBXBuildFile; fileRef = 2F0861792534BC85009160B1 /* Main.storyboard */; };
		2F08617D2534BC88009160B1 /* Assets.xcassets in Resources */ = {isa = PBXBuildFile; fileRef = 2F08617C2534BC88009160B1 /* Assets.xcassets */; };
		2F0861802534BC88009160B1 /* LaunchScreen.storyboard in Resources */ = {isa = PBXBuildFile; fileRef = 2F08617E2534BC88009160B1 /* LaunchScreen.storyboard */; };
		2F8CB30E2537C19C002C5258 /* Register1ViewController.swift in Sources */ = {isa = PBXBuildFile; fileRef = 2F8CB30D2537C19C002C5258 /* Register1ViewController.swift */; };
		A505CE652581290800F97276 /* ProfileViewController.xib in Resources */ = {isa = PBXBuildFile; fileRef = A505CE642581290800F97276 /* ProfileViewController.xib */; };
		A505CE682581291200F97276 /* ProfileTableViewCell.xib in Resources */ = {isa = PBXBuildFile; fileRef = A505CE672581291200F97276 /* ProfileTableViewCell.xib */; };
		A517946D25740C5600485F55 /* las-mejores-fotos-de-paisajes-NUBES-FOTOS-nubes-rayo-istock.jpg in Resources */ = {isa = PBXBuildFile; fileRef = A517946C25740C5600485F55 /* las-mejores-fotos-de-paisajes-NUBES-FOTOS-nubes-rayo-istock.jpg */; };
		A517947025740C7400485F55 /* IMG_20180721_162323.png in Resources */ = {isa = PBXBuildFile; fileRef = A517946F25740C7400485F55 /* IMG_20180721_162323.png */; };
		A51794732574119700485F55 /* CommentaryViewController.swift in Sources */ = {isa = PBXBuildFile; fileRef = A51794722574119700485F55 /* CommentaryViewController.swift */; };
		A5179476257411A600485F55 /* CommentaryViewController.xib in Resources */ = {isa = PBXBuildFile; fileRef = A5179475257411A600485F55 /* CommentaryViewController.xib */; };
		A51794792574159A00485F55 /* CommentaryTableViewCell.swift in Sources */ = {isa = PBXBuildFile; fileRef = A51794782574159A00485F55 /* CommentaryTableViewCell.swift */; };
		A517947C257415A800485F55 /* CommentaryTableViewCell.xib in Resources */ = {isa = PBXBuildFile; fileRef = A517947B257415A800485F55 /* CommentaryTableViewCell.xib */; };
		A520D289255F6BEB002537E4 /* HomeViewController.swift in Sources */ = {isa = PBXBuildFile; fileRef = A520D288255F6BEB002537E4 /* HomeViewController.swift */; };
		A520D28F255F6DD1002537E4 /* RecoverPassViewController.swift in Sources */ = {isa = PBXBuildFile; fileRef = A520D28E255F6DD1002537E4 /* RecoverPassViewController.swift */; };
		A566731D255C3ECA00CB9529 /* GoogleService-Info.plist in Resources */ = {isa = PBXBuildFile; fileRef = A566731C255C3ECA00CB9529 /* GoogleService-Info.plist */; };
		A5667320255C6F8A00CB9529 /* Register3ViewController.swift in Sources */ = {isa = PBXBuildFile; fileRef = A566731F255C6F8A00CB9529 /* Register3ViewController.swift */; };
		A5A1602A2560635B00CF9E55 /* HomeViewController.xib in Resources */ = {isa = PBXBuildFile; fileRef = A5A160292560635B00CF9E55 /* HomeViewController.xib */; };
		A5A6DC97257301630031E553 /* PublicateViewController.swift in Sources */ = {isa = PBXBuildFile; fileRef = A5A6DC95257301630031E553 /* PublicateViewController.swift */; };
		A5A6DC98257301630031E553 /* PublicateViewController.xib in Resources */ = {isa = PBXBuildFile; fileRef = A5A6DC96257301630031E553 /* PublicateViewController.xib */; };
		A5BA3CCF2580506400CA92D9 /* RegisterViewController.swift in Sources */ = {isa = PBXBuildFile; fileRef = A5BA3CCE2580506400CA92D9 /* RegisterViewController.swift */; };
		A5CD77EE2562386700CB9A72 /* PopUpViewController.xib in Resources */ = {isa = PBXBuildFile; fileRef = A5CD77ED2562386700CB9A72 /* PopUpViewController.xib */; };
		A5CD77F1256238D300CB9A72 /* PopUpViewController.swift in Sources */ = {isa = PBXBuildFile; fileRef = A5CD77F0256238D300CB9A72 /* PopUpViewController.swift */; };
		A5DF1F942571A35A00ED00F1 /* PublicationBE.swift in Sources */ = {isa = PBXBuildFile; fileRef = A5DF1F932571A35A00ED00F1 /* PublicationBE.swift */; };
		A5DF1F972571A39B00ED00F1 /* CommentaryBE.swift in Sources */ = {isa = PBXBuildFile; fileRef = A5DF1F962571A39B00ED00F1 /* CommentaryBE.swift */; };
		A5DF1F9A2571A3E200ED00F1 /* LikeBE.swift in Sources */ = {isa = PBXBuildFile; fileRef = A5DF1F992571A3E200ED00F1 /* LikeBE.swift */; };
		A5DF1F9D2571A65000ED00F1 /* PublicationTableViewCell.swift in Sources */ = {isa = PBXBuildFile; fileRef = A5DF1F9C2571A65000ED00F1 /* PublicationTableViewCell.swift */; };
		A5DF1FA02571E3D400ED00F1 /* PublicationTableViewCell.xib in Resources */ = {isa = PBXBuildFile; fileRef = A5DF1F9F2571E3D400ED00F1 /* PublicationTableViewCell.xib */; };
		A5ED9BC42581300500A75432 /* ProfileTableViewCell.swift in Sources */ = {isa = PBXBuildFile; fileRef = A5ED9BC32581300500A75432 /* ProfileTableViewCell.swift */; };
		A5ED9BC72581300F00A75432 /* ProfileViewController.swift in Sources */ = {isa = PBXBuildFile; fileRef = A5ED9BC62581300F00A75432 /* ProfileViewController.swift */; };
		A5F7908C25815EFA00F4E7C5 /* ProfileBE.swift in Sources */ = {isa = PBXBuildFile; fileRef = A5F7908B25815EFA00F4E7C5 /* ProfileBE.swift */; };
		A5F7908F25815F4600F4E7C5 /* MyPostBE.swift in Sources */ = {isa = PBXBuildFile; fileRef = A5F7908E25815F4600F4E7C5 /* MyPostBE.swift */; };
		F9AD91C5B3E45921547BE202 /* Pods_ProyectoLizama.framework in Frameworks */ = {isa = PBXBuildFile; fileRef = 3B300C5121B540CC3DFE27CC /* Pods_ProyectoLizama.framework */; };
/* End PBXBuildFile section */

/* Begin PBXFileReference section */
		1D1378A3EF0962BE9BA82A79 /* Pods-ProyectoLizama.debug.xcconfig */ = {isa = PBXFileReference; includeInIndex = 1; lastKnownFileType = text.xcconfig; name = "Pods-ProyectoLizama.debug.xcconfig"; path = "Target Support Files/Pods-ProyectoLizama/Pods-ProyectoLizama.debug.xcconfig"; sourceTree = "<group>"; };
		2F0861702534BC85009160B1 /* ProyectoLizama.app */ = {isa = PBXFileReference; explicitFileType = wrapper.application; includeInIndex = 0; path = ProyectoLizama.app; sourceTree = BUILT_PRODUCTS_DIR; };
		2F0861732534BC85009160B1 /* AppDelegate.swift */ = {isa = PBXFileReference; lastKnownFileType = sourcecode.swift; path = AppDelegate.swift; sourceTree = "<group>"; };
		2F0861752534BC85009160B1 /* SceneDelegate.swift */ = {isa = PBXFileReference; lastKnownFileType = sourcecode.swift; path = SceneDelegate.swift; sourceTree = "<group>"; };
		2F0861772534BC85009160B1 /* ViewController.swift */ = {isa = PBXFileReference; lastKnownFileType = sourcecode.swift; path = ViewController.swift; sourceTree = "<group>"; };
		2F08617A2534BC85009160B1 /* Base */ = {isa = PBXFileReference; lastKnownFileType = file.storyboard; name = Base; path = Base.lproj/Main.storyboard; sourceTree = "<group>"; };
		2F08617C2534BC88009160B1 /* Assets.xcassets */ = {isa = PBXFileReference; lastKnownFileType = folder.assetcatalog; path = Assets.xcassets; sourceTree = "<group>"; };
		2F08617F2534BC88009160B1 /* Base */ = {isa = PBXFileReference; lastKnownFileType = file.storyboard; name = Base; path = Base.lproj/LaunchScreen.storyboard; sourceTree = "<group>"; };
		2F0861812534BC88009160B1 /* Info.plist */ = {isa = PBXFileReference; lastKnownFileType = text.plist.xml; path = Info.plist; sourceTree = "<group>"; };
		2F8CB30D2537C19C002C5258 /* Register1ViewController.swift */ = {isa = PBXFileReference; lastKnownFileType = sourcecode.swift; path = Register1ViewController.swift; sourceTree = "<group>"; };
		3B300C5121B540CC3DFE27CC /* Pods_ProyectoLizama.framework */ = {isa = PBXFileReference; explicitFileType = wrapper.framework; includeInIndex = 0; path = Pods_ProyectoLizama.framework; sourceTree = BUILT_PRODUCTS_DIR; };
		A505CE642581290800F97276 /* ProfileViewController.xib */ = {isa = PBXFileReference; fileEncoding = 4; lastKnownFileType = file.xib; path = ProfileViewController.xib; sourceTree = "<group>"; };
		A505CE672581291200F97276 /* ProfileTableViewCell.xib */ = {isa = PBXFileReference; fileEncoding = 4; lastKnownFileType = file.xib; path = ProfileTableViewCell.xib; sourceTree = "<group>"; };
		A517946C25740C5600485F55 /* las-mejores-fotos-de-paisajes-NUBES-FOTOS-nubes-rayo-istock.jpg */ = {isa = PBXFileReference; lastKnownFileType = image.jpeg; path = "las-mejores-fotos-de-paisajes-NUBES-FOTOS-nubes-rayo-istock.jpg"; sourceTree = "<group>"; };
		A517946F25740C7400485F55 /* IMG_20180721_162323.png */ = {isa = PBXFileReference; lastKnownFileType = image.png; path = IMG_20180721_162323.png; sourceTree = "<group>"; };
		A51794722574119700485F55 /* CommentaryViewController.swift */ = {isa = PBXFileReference; fileEncoding = 4; lastKnownFileType = sourcecode.swift; path = CommentaryViewController.swift; sourceTree = "<group>"; };
		A5179475257411A600485F55 /* CommentaryViewController.xib */ = {isa = PBXFileReference; fileEncoding = 4; lastKnownFileType = file.xib; path = CommentaryViewController.xib; sourceTree = "<group>"; };
		A51794782574159A00485F55 /* CommentaryTableViewCell.swift */ = {isa = PBXFileReference; fileEncoding = 4; lastKnownFileType = sourcecode.swift; path = CommentaryTableViewCell.swift; sourceTree = "<group>"; };
		A517947B257415A800485F55 /* CommentaryTableViewCell.xib */ = {isa = PBXFileReference; fileEncoding = 4; lastKnownFileType = file.xib; path = CommentaryTableViewCell.xib; sourceTree = "<group>"; };
		A520D288255F6BEB002537E4 /* HomeViewController.swift */ = {isa = PBXFileReference; lastKnownFileType = sourcecode.swift; path = HomeViewController.swift; sourceTree = "<group>"; };
		A520D28E255F6DD1002537E4 /* RecoverPassViewController.swift */ = {isa = PBXFileReference; lastKnownFileType = sourcecode.swift; path = RecoverPassViewController.swift; sourceTree = "<group>"; };
		A566731C255C3ECA00CB9529 /* GoogleService-Info.plist */ = {isa = PBXFileReference; fileEncoding = 4; lastKnownFileType = text.plist.xml; path = "GoogleService-Info.plist"; sourceTree = "<group>"; };
		A566731F255C6F8A00CB9529 /* Register3ViewController.swift */ = {isa = PBXFileReference; lastKnownFileType = sourcecode.swift; path = Register3ViewController.swift; sourceTree = "<group>"; };
		A5A160292560635B00CF9E55 /* HomeViewController.xib */ = {isa = PBXFileReference; lastKnownFileType = file.xib; path = HomeViewController.xib; sourceTree = "<group>"; };
		A5A6DC95257301630031E553 /* PublicateViewController.swift */ = {isa = PBXFileReference; fileEncoding = 4; lastKnownFileType = sourcecode.swift; path = PublicateViewController.swift; sourceTree = "<group>"; };
		A5A6DC96257301630031E553 /* PublicateViewController.xib */ = {isa = PBXFileReference; fileEncoding = 4; lastKnownFileType = file.xib; path = PublicateViewController.xib; sourceTree = "<group>"; };
		A5BA3CCE2580506400CA92D9 /* RegisterViewController.swift */ = {isa = PBXFileReference; lastKnownFileType = sourcecode.swift; path = RegisterViewController.swift; sourceTree = "<group>"; };
		A5CD77ED2562386700CB9A72 /* PopUpViewController.xib */ = {isa = PBXFileReference; lastKnownFileType = file.xib; path = PopUpViewController.xib; sourceTree = "<group>"; };
		A5CD77F0256238D300CB9A72 /* PopUpViewController.swift */ = {isa = PBXFileReference; lastKnownFileType = sourcecode.swift; path = PopUpViewController.swift; sourceTree = "<group>"; };
		A5DF1F932571A35A00ED00F1 /* PublicationBE.swift */ = {isa = PBXFileReference; lastKnownFileType = sourcecode.swift; path = PublicationBE.swift; sourceTree = "<group>"; };
		A5DF1F962571A39B00ED00F1 /* CommentaryBE.swift */ = {isa = PBXFileReference; lastKnownFileType = sourcecode.swift; path = CommentaryBE.swift; sourceTree = "<group>"; };
		A5DF1F992571A3E200ED00F1 /* LikeBE.swift */ = {isa = PBXFileReference; lastKnownFileType = sourcecode.swift; path = LikeBE.swift; sourceTree = "<group>"; };
		A5DF1F9C2571A65000ED00F1 /* PublicationTableViewCell.swift */ = {isa = PBXFileReference; lastKnownFileType = sourcecode.swift; path = PublicationTableViewCell.swift; sourceTree = "<group>"; };
		A5DF1F9F2571E3D400ED00F1 /* PublicationTableViewCell.xib */ = {isa = PBXFileReference; lastKnownFileType = file.xib; path = PublicationTableViewCell.xib; sourceTree = "<group>"; };
		A5ED9BC32581300500A75432 /* ProfileTableViewCell.swift */ = {isa = PBXFileReference; fileEncoding = 4; lastKnownFileType = sourcecode.swift; path = ProfileTableViewCell.swift; sourceTree = "<group>"; };
		A5ED9BC62581300F00A75432 /* ProfileViewController.swift */ = {isa = PBXFileReference; fileEncoding = 4; lastKnownFileType = sourcecode.swift; path = ProfileViewController.swift; sourceTree = "<group>"; };
		A5F7908B25815EFA00F4E7C5 /* ProfileBE.swift */ = {isa = PBXFileReference; lastKnownFileType = sourcecode.swift; path = ProfileBE.swift; sourceTree = "<group>"; };
		A5F7908E25815F4600F4E7C5 /* MyPostBE.swift */ = {isa = PBXFileReference; lastKnownFileType = sourcecode.swift; path = MyPostBE.swift; sourceTree = "<group>"; };
		F97C3ED95F9B75AFA70D24CA /* Pods-ProyectoLizama.release.xcconfig */ = {isa = PBXFileReference; includeInIndex = 1; lastKnownFileType = text.xcconfig; name = "Pods-ProyectoLizama.release.xcconfig"; path = "Target Support Files/Pods-ProyectoLizama/Pods-ProyectoLizama.release.xcconfig"; sourceTree = "<group>"; };
/* End PBXFileReference section */

/* Begin PBXFrameworksBuildPhase section */
		2F08616D2534BC85009160B1 /* Frameworks */ = {
			isa = PBXFrameworksBuildPhase;
			buildActionMask = 2147483647;
			files = (
				F9AD91C5B3E45921547BE202 /* Pods_ProyectoLizama.framework in Frameworks */,
			);
			runOnlyForDeploymentPostprocessing = 0;
		};
/* End PBXFrameworksBuildPhase section */

/* Begin PBXGroup section */
		00FF69CEAB0FED8315ADCF11 /* Frameworks */ = {
			isa = PBXGroup;
			children = (
				3B300C5121B540CC3DFE27CC /* Pods_ProyectoLizama.framework */,
			);
			name = Frameworks;
			sourceTree = "<group>";
		};
		2F0861672534BC85009160B1 = {
			isa = PBXGroup;
			children = (
				2F0861722534BC85009160B1 /* ProyectoLizama */,
				2F0861712534BC85009160B1 /* Products */,
				AD8B0ECCA7BEBE514E26D498 /* Pods */,
				00FF69CEAB0FED8315ADCF11 /* Frameworks */,
			);
			sourceTree = "<group>";
		};
		2F0861712534BC85009160B1 /* Products */ = {
			isa = PBXGroup;
			children = (
				2F0861702534BC85009160B1 /* ProyectoLizama.app */,
			);
			name = Products;
			sourceTree = "<group>";
		};
		2F0861722534BC85009160B1 /* ProyectoLizama */ = {
			isa = PBXGroup;
			children = (
				A502A23625798DC7003D3261 /* General */,
				A502A23525798D63003D3261 /* iPhone */,
				A502A2242579868D003D3261 /* BE */,
				A502A23725798DE2003D3261 /* BL */,
				A502A23825798DFF003D3261 /* WS */,
				A566731C255C3ECA00CB9529 /* GoogleService-Info.plist */,
				2F0861732534BC85009160B1 /* AppDelegate.swift */,
				2F0861752534BC85009160B1 /* SceneDelegate.swift */,
				2F08617C2534BC88009160B1 /* Assets.xcassets */,
				2F08617E2534BC88009160B1 /* LaunchScreen.storyboard */,
				2F0861812534BC88009160B1 /* Info.plist */,
			);
			path = ProyectoLizama;
			sourceTree = "<group>";
		};
		A502A2242579868D003D3261 /* BE */ = {
			isa = PBXGroup;
			children = (
				A5DF1F962571A39B00ED00F1 /* CommentaryBE.swift */,
				A5DF1F992571A3E200ED00F1 /* LikeBE.swift */,
				A5DF1F932571A35A00ED00F1 /* PublicationBE.swift */,
				A5F7908B25815EFA00F4E7C5 /* ProfileBE.swift */,
				A5F7908E25815F4600F4E7C5 /* MyPostBE.swift */,
			);
			path = BE;
			sourceTree = "<group>";
		};
		A502A22625798766003D3261 /* Resources */ = {
			isa = PBXGroup;
			children = (
				A502A2292579882E003D3261 /* img */,
			);
			path = Resources;
			sourceTree = "<group>";
		};
		A502A2272579879B003D3261 /* Views */ = {
			isa = PBXGroup;
			children = (
				A505CE622581267800F97276 /* Profile */,
				A502A23325798C00003D3261 /* Home */,
				A502A23125798B54003D3261 /* Publicate */,
				A502A22F25798A96003D3261 /* Commentary */,
				A502A22C25798939003D3261 /* Login */,
				A502A23925798E80003D3261 /* PopUp */,
			);
			path = Views;
			sourceTree = "<group>";
		};
		A502A22825798807003D3261 /* Classes */ = {
			isa = PBXGroup;
			children = (
				A505CE632581268300F97276 /* Profile */,
				A502A23225798BE7003D3261 /* Home */,
				A502A23025798B1D003D3261 /* Publicate */,
				A502A22E257989DC003D3261 /* Commentary */,
				A502A22D25798987003D3261 /* Register */,
				A502A22B257988CB003D3261 /* Login */,
				A502A23B25798EEE003D3261 /* PopUp */,
			);
			path = Classes;
			sourceTree = "<group>";
		};
		A502A2292579882E003D3261 /* img */ = {
			isa = PBXGroup;
			children = (
				A517946F25740C7400485F55 /* IMG_20180721_162323.png */,
				A517946C25740C5600485F55 /* las-mejores-fotos-de-paisajes-NUBES-FOTOS-nubes-rayo-istock.jpg */,
			);
			path = img;
			sourceTree = "<group>";
		};
		A502A22B257988CB003D3261 /* Login */ = {
			isa = PBXGroup;
			children = (
				A520D28E255F6DD1002537E4 /* RecoverPassViewController.swift */,
				2F0861772534BC85009160B1 /* ViewController.swift */,
			);
			path = Login;
			sourceTree = "<group>";
		};
		A502A22C25798939003D3261 /* Login */ = {
			isa = PBXGroup;
			children = (
				2F0861792534BC85009160B1 /* Main.storyboard */,
			);
			path = Login;
			sourceTree = "<group>";
		};
		A502A22D25798987003D3261 /* Register */ = {
			isa = PBXGroup;
			children = (
				2F8CB30D2537C19C002C5258 /* Register1ViewController.swift */,
				A566731F255C6F8A00CB9529 /* Register3ViewController.swift */,
				A5BA3CCE2580506400CA92D9 /* RegisterViewController.swift */,
			);
			path = Register;
			sourceTree = "<group>";
		};
		A502A22E257989DC003D3261 /* Commentary */ = {
			isa = PBXGroup;
			children = (
				A51794722574119700485F55 /* CommentaryViewController.swift */,
				A51794782574159A00485F55 /* CommentaryTableViewCell.swift */,
			);
			path = Commentary;
			sourceTree = "<group>";
		};
		A502A22F25798A96003D3261 /* Commentary */ = {
			isa = PBXGroup;
			children = (
				A5179475257411A600485F55 /* CommentaryViewController.xib */,
				A517947B257415A800485F55 /* CommentaryTableViewCell.xib */,
			);
			path = Commentary;
			sourceTree = "<group>";
		};
		A502A23025798B1D003D3261 /* Publicate */ = {
			isa = PBXGroup;
			children = (
				A5DF1F9C2571A65000ED00F1 /* PublicationTableViewCell.swift */,
				A5A6DC95257301630031E553 /* PublicateViewController.swift */,
			);
			path = Publicate;
			sourceTree = "<group>";
		};
		A502A23125798B54003D3261 /* Publicate */ = {
			isa = PBXGroup;
			children = (
				A5A6DC96257301630031E553 /* PublicateViewController.xib */,
				A5DF1F9F2571E3D400ED00F1 /* PublicationTableViewCell.xib */,
			);
			path = Publicate;
			sourceTree = "<group>";
		};
		A502A23225798BE7003D3261 /* Home */ = {
			isa = PBXGroup;
			children = (
				A520D288255F6BEB002537E4 /* HomeViewController.swift */,
			);
			path = Home;
			sourceTree = "<group>";
		};
		A502A23325798C00003D3261 /* Home */ = {
			isa = PBXGroup;
			children = (
				A5A160292560635B00CF9E55 /* HomeViewController.xib */,
			);
			path = Home;
			sourceTree = "<group>";
		};
		A502A23525798D63003D3261 /* iPhone */ = {
			isa = PBXGroup;
			children = (
				A502A22625798766003D3261 /* Resources */,
				A502A2272579879B003D3261 /* Views */,
				A502A22825798807003D3261 /* Classes */,
			);
			path = iPhone;
			sourceTree = "<group>";
		};
		A502A23625798DC7003D3261 /* General */ = {
			isa = PBXGroup;
			children = (
			);
			path = General;
			sourceTree = "<group>";
		};
		A502A23725798DE2003D3261 /* BL */ = {
			isa = PBXGroup;
			children = (
			);
			path = BL;
			sourceTree = "<group>";
		};
		A502A23825798DFF003D3261 /* WS */ = {
			isa = PBXGroup;
			children = (
			);
			path = WS;
			sourceTree = "<group>";
		};
		A502A23925798E80003D3261 /* PopUp */ = {
			isa = PBXGroup;
			children = (
				A5CD77ED2562386700CB9A72 /* PopUpViewController.xib */,
			);
			path = PopUp;
			sourceTree = "<group>";
		};
		A502A23B25798EEE003D3261 /* PopUp */ = {
			isa = PBXGroup;
			children = (
				A5CD77F0256238D300CB9A72 /* PopUpViewController.swift */,
			);
			path = PopUp;
			sourceTree = "<group>";
		};
		A505CE622581267800F97276 /* Profile */ = {
			isa = PBXGroup;
			children = (
				A505CE672581291200F97276 /* ProfileTableViewCell.xib */,
				A505CE642581290800F97276 /* ProfileViewController.xib */,
			);
			path = Profile;
			sourceTree = "<group>";
		};
		A505CE632581268300F97276 /* Profile */ = {
			isa = PBXGroup;
			children = (
				A5ED9BC62581300F00A75432 /* ProfileViewController.swift */,
				A5ED9BC32581300500A75432 /* ProfileTableViewCell.swift */,
			);
			path = Profile;
			sourceTree = "<group>";
		};
		AD8B0ECCA7BEBE514E26D498 /* Pods */ = {
			isa = PBXGroup;
			children = (
				1D1378A3EF0962BE9BA82A79 /* Pods-ProyectoLizama.debug.xcconfig */,
				F97C3ED95F9B75AFA70D24CA /* Pods-ProyectoLizama.release.xcconfig */,
			);
			path = Pods;
			sourceTree = "<group>";
		};
/* End PBXGroup section */

/* Begin PBXNativeTarget section */
		2F08616F2534BC85009160B1 /* ProyectoLizama */ = {
			isa = PBXNativeTarget;
			buildConfigurationList = 2F0861842534BC88009160B1 /* Build configuration list for PBXNativeTarget "ProyectoLizama" */;
			buildPhases = (
				0D7EAB6874D020AEFF0F85B5 /* [CP] Check Pods Manifest.lock */,
				2F08616C2534BC85009160B1 /* Sources */,
				2F08616D2534BC85009160B1 /* Frameworks */,
				2F08616E2534BC85009160B1 /* Resources */,
				CF5F5954091D54E45BB8C221 /* [CP] Embed Pods Frameworks */,
				8DB8D3C90689CBC61CDF82BF /* [CP] Copy Pods Resources */,
			);
			buildRules = (
			);
			dependencies = (
			);
			name = ProyectoLizama;
			productName = ProyectoLizama;
			productReference = 2F0861702534BC85009160B1 /* ProyectoLizama.app */;
			productType = "com.apple.product-type.application";
		};
/* End PBXNativeTarget section */

/* Begin PBXProject section */
		2F0861682534BC85009160B1 /* Project object */ = {
			isa = PBXProject;
			attributes = {
				LastSwiftUpdateCheck = 1200;
				LastUpgradeCheck = 1200;
				TargetAttributes = {
					2F08616F2534BC85009160B1 = {
						CreatedOnToolsVersion = 12.0.1;
					};
				};
			};
			buildConfigurationList = 2F08616B2534BC85009160B1 /* Build configuration list for PBXProject "ProyectoLizama" */;
			compatibilityVersion = "Xcode 9.3";
			developmentRegion = en;
			hasScannedForEncodings = 0;
			knownRegions = (
				en,
				Base,
			);
			mainGroup = 2F0861672534BC85009160B1;
			productRefGroup = 2F0861712534BC85009160B1 /* Products */;
			projectDirPath = "";
			projectRoot = "";
			targets = (
				2F08616F2534BC85009160B1 /* ProyectoLizama */,
			);
		};
/* End PBXProject section */

/* Begin PBXResourcesBuildPhase section */
		2F08616E2534BC85009160B1 /* Resources */ = {
			isa = PBXResourcesBuildPhase;
			buildActionMask = 2147483647;
			files = (
				2F0861802534BC88009160B1 /* LaunchScreen.storyboard in Resources */,
				A517946D25740C5600485F55 /* las-mejores-fotos-de-paisajes-NUBES-FOTOS-nubes-rayo-istock.jpg in Resources */,
				A566731D255C3ECA00CB9529 /* GoogleService-Info.plist in Resources */,
				A505CE682581291200F97276 /* ProfileTableViewCell.xib in Resources */,
				A505CE652581290800F97276 /* ProfileViewController.xib in Resources */,
				A5DF1FA02571E3D400ED00F1 /* PublicationTableViewCell.xib in Resources */,
				A517947025740C7400485F55 /* IMG_20180721_162323.png in Resources */,
				A5A6DC98257301630031E553 /* PublicateViewController.xib in Resources */,
				A5179476257411A600485F55 /* CommentaryViewController.xib in Resources */,
				A517947C257415A800485F55 /* CommentaryTableViewCell.xib in Resources */,
				A5A1602A2560635B00CF9E55 /* HomeViewController.xib in Resources */,
				2F08617D2534BC88009160B1 /* Assets.xcassets in Resources */,
				2F08617B2534BC85009160B1 /* Main.storyboard in Resources */,
				A5CD77EE2562386700CB9A72 /* PopUpViewController.xib in Resources */,
			);
			runOnlyForDeploymentPostprocessing = 0;
		};
/* End PBXResourcesBuildPhase section */

/* Begin PBXShellScriptBuildPhase section */
		0D7EAB6874D020AEFF0F85B5 /* [CP] Check Pods Manifest.lock */ = {
			isa = PBXShellScriptBuildPhase;
			buildActionMask = 2147483647;
			files = (
			);
			inputFileListPaths = (
			);
			inputPaths = (
				"${PODS_PODFILE_DIR_PATH}/Podfile.lock",
				"${PODS_ROOT}/Manifest.lock",
			);
			name = "[CP] Check Pods Manifest.lock";
			outputFileListPaths = (
			);
			outputPaths = (
				"$(DERIVED_FILE_DIR)/Pods-ProyectoLizama-checkManifestLockResult.txt",
			);
			runOnlyForDeploymentPostprocessing = 0;
			shellPath = /bin/sh;
			shellScript = "diff \"${PODS_PODFILE_DIR_PATH}/Podfile.lock\" \"${PODS_ROOT}/Manifest.lock\" > /dev/null\nif [ $? != 0 ] ; then\n    # print error to STDERR\n    echo \"error: The sandbox is not in sync with the Podfile.lock. Run 'pod install' or update your CocoaPods installation.\" >&2\n    exit 1\nfi\n# This output is used by Xcode 'outputs' to avoid re-running this script phase.\necho \"SUCCESS\" > \"${SCRIPT_OUTPUT_FILE_0}\"\n";
			showEnvVarsInLog = 0;
		};
		8DB8D3C90689CBC61CDF82BF /* [CP] Copy Pods Resources */ = {
			isa = PBXShellScriptBuildPhase;
			buildActionMask = 2147483647;
			files = (
			);
			inputFileListPaths = (
				"${PODS_ROOT}/Target Support Files/Pods-ProyectoLizama/Pods-ProyectoLizama-resources-${CONFIGURATION}-input-files.xcfilelist",
			);
			name = "[CP] Copy Pods Resources";
			outputFileListPaths = (
				"${PODS_ROOT}/Target Support Files/Pods-ProyectoLizama/Pods-ProyectoLizama-resources-${CONFIGURATION}-output-files.xcfilelist",
			);
			runOnlyForDeploymentPostprocessing = 0;
			shellPath = /bin/sh;
			shellScript = "\"${PODS_ROOT}/Target Support Files/Pods-ProyectoLizama/Pods-ProyectoLizama-resources.sh\"\n";
			showEnvVarsInLog = 0;
		};
		CF5F5954091D54E45BB8C221 /* [CP] Embed Pods Frameworks */ = {
			isa = PBXShellScriptBuildPhase;
			buildActionMask = 2147483647;
			files = (
			);
			inputFileListPaths = (
				"${PODS_ROOT}/Target Support Files/Pods-ProyectoLizama/Pods-ProyectoLizama-frameworks-${CONFIGURATION}-input-files.xcfilelist",
			);
			name = "[CP] Embed Pods Frameworks";
			outputFileListPaths = (
				"${PODS_ROOT}/Target Support Files/Pods-ProyectoLizama/Pods-ProyectoLizama-frameworks-${CONFIGURATION}-output-files.xcfilelist",
			);
			runOnlyForDeploymentPostprocessing = 0;
			shellPath = /bin/sh;
			shellScript = "\"${PODS_ROOT}/Target Support Files/Pods-ProyectoLizama/Pods-ProyectoLizama-frameworks.sh\"\n";
			showEnvVarsInLog = 0;
		};
/* End PBXShellScriptBuildPhase section */

/* Begin PBXSourcesBuildPhase section */
		2F08616C2534BC85009160B1 /* Sources */ = {
			isa = PBXSourcesBuildPhase;
			buildActionMask = 2147483647;
			files = (
				A5F7908C25815EFA00F4E7C5 /* ProfileBE.swift in Sources */,
				A5DF1F9A2571A3E200ED00F1 /* LikeBE.swift in Sources */,
				A51794792574159A00485F55 /* CommentaryTableViewCell.swift in Sources */,
				2F0861782534BC85009160B1 /* ViewController.swift in Sources */,
				A5F7908F25815F4600F4E7C5 /* MyPostBE.swift in Sources */,
				A5DF1F9D2571A65000ED00F1 /* PublicationTableViewCell.swift in Sources */,
				A5667320255C6F8A00CB9529 /* Register3ViewController.swift in Sources */,
				A5A6DC97257301630031E553 /* PublicateViewController.swift in Sources */,
				A5ED9BC72581300F00A75432 /* ProfileViewController.swift in Sources */,
				A520D28F255F6DD1002537E4 /* RecoverPassViewController.swift in Sources */,
				2F8CB30E2537C19C002C5258 /* Register1ViewController.swift in Sources */,
				2F0861742534BC85009160B1 /* AppDelegate.swift in Sources */,
				A5DF1F972571A39B00ED00F1 /* CommentaryBE.swift in Sources */,
				A51794732574119700485F55 /* CommentaryViewController.swift in Sources */,
				A5ED9BC42581300500A75432 /* ProfileTableViewCell.swift in Sources */,
				A5BA3CCF2580506400CA92D9 /* RegisterViewController.swift in Sources */,
				2F0861762534BC85009160B1 /* SceneDelegate.swift in Sources */,
				A520D289255F6BEB002537E4 /* HomeViewController.swift in Sources */,
				A5CD77F1256238D300CB9A72 /* PopUpViewController.swift in Sources */,
				A5DF1F942571A35A00ED00F1 /* PublicationBE.swift in Sources */,
			);
			runOnlyForDeploymentPostprocessing = 0;
		};
/* End PBXSourcesBuildPhase section */

/* Begin PBXVariantGroup section */
		2F0861792534BC85009160B1 /* Main.storyboard */ = {
			isa = PBXVariantGroup;
			children = (
				2F08617A2534BC85009160B1 /* Base */,
			);
			name = Main.storyboard;
			sourceTree = "<group>";
		};
		2F08617E2534BC88009160B1 /* LaunchScreen.storyboard */ = {
			isa = PBXVariantGroup;
			children = (
				2F08617F2534BC88009160B1 /* Base */,
			);
			name = LaunchScreen.storyboard;
			sourceTree = "<group>";
		};
/* End PBXVariantGroup section */

/* Begin XCBuildConfiguration section */
		2F0861822534BC88009160B1 /* Debug */ = {
			isa = XCBuildConfiguration;
			buildSettings = {
				ALWAYS_SEARCH_USER_PATHS = NO;
				CLANG_ANALYZER_NONNULL = YES;
				CLANG_ANALYZER_NUMBER_OBJECT_CONVERSION = YES_AGGRESSIVE;
				CLANG_CXX_LANGUAGE_STANDARD = "gnu++14";
				CLANG_CXX_LIBRARY = "libc++";
				CLANG_ENABLE_MODULES = YES;
				CLANG_ENABLE_OBJC_ARC = YES;
				CLANG_ENABLE_OBJC_WEAK = YES;
				CLANG_WARN_BLOCK_CAPTURE_AUTORELEASING = YES;
				CLANG_WARN_BOOL_CONVERSION = YES;
				CLANG_WARN_COMMA = YES;
				CLANG_WARN_CONSTANT_CONVERSION = YES;
				CLANG_WARN_DEPRECATED_OBJC_IMPLEMENTATIONS = YES;
				CLANG_WARN_DIRECT_OBJC_ISA_USAGE = YES_ERROR;
				CLANG_WARN_DOCUMENTATION_COMMENTS = YES;
				CLANG_WARN_EMPTY_BODY = YES;
				CLANG_WARN_ENUM_CONVERSION = YES;
				CLANG_WARN_INFINITE_RECURSION = YES;
				CLANG_WARN_INT_CONVERSION = YES;
				CLANG_WARN_NON_LITERAL_NULL_CONVERSION = YES;
				CLANG_WARN_OBJC_IMPLICIT_RETAIN_SELF = YES;
				CLANG_WARN_OBJC_LITERAL_CONVERSION = YES;
				CLANG_WARN_OBJC_ROOT_CLASS = YES_ERROR;
				CLANG_WARN_QUOTED_INCLUDE_IN_FRAMEWORK_HEADER = YES;
				CLANG_WARN_RANGE_LOOP_ANALYSIS = YES;
				CLANG_WARN_STRICT_PROTOTYPES = YES;
				CLANG_WARN_SUSPICIOUS_MOVE = YES;
				CLANG_WARN_UNGUARDED_AVAILABILITY = YES_AGGRESSIVE;
				CLANG_WARN_UNREACHABLE_CODE = YES;
				CLANG_WARN__DUPLICATE_METHOD_MATCH = YES;
				COPY_PHASE_STRIP = NO;
				DEBUG_INFORMATION_FORMAT = dwarf;
				ENABLE_STRICT_OBJC_MSGSEND = YES;
				ENABLE_TESTABILITY = YES;
				GCC_C_LANGUAGE_STANDARD = gnu11;
				GCC_DYNAMIC_NO_PIC = NO;
				GCC_NO_COMMON_BLOCKS = YES;
				GCC_OPTIMIZATION_LEVEL = 0;
				GCC_PREPROCESSOR_DEFINITIONS = (
					"DEBUG=1",
					"$(inherited)",
				);
				GCC_WARN_64_TO_32_BIT_CONVERSION = YES;
				GCC_WARN_ABOUT_RETURN_TYPE = YES_ERROR;
				GCC_WARN_UNDECLARED_SELECTOR = YES;
				GCC_WARN_UNINITIALIZED_AUTOS = YES_AGGRESSIVE;
				GCC_WARN_UNUSED_FUNCTION = YES;
				GCC_WARN_UNUSED_VARIABLE = YES;
				IPHONEOS_DEPLOYMENT_TARGET = 14.0;
				MTL_ENABLE_DEBUG_INFO = INCLUDE_SOURCE;
				MTL_FAST_MATH = YES;
				ONLY_ACTIVE_ARCH = YES;
				SDKROOT = iphoneos;
				SWIFT_ACTIVE_COMPILATION_CONDITIONS = DEBUG;
				SWIFT_OPTIMIZATION_LEVEL = "-Onone";
			};
			name = Debug;
		};
		2F0861832534BC88009160B1 /* Release */ = {
			isa = XCBuildConfiguration;
			buildSettings = {
				ALWAYS_SEARCH_USER_PATHS = NO;
				CLANG_ANALYZER_NONNULL = YES;
				CLANG_ANALYZER_NUMBER_OBJECT_CONVERSION = YES_AGGRESSIVE;
				CLANG_CXX_LANGUAGE_STANDARD = "gnu++14";
				CLANG_CXX_LIBRARY = "libc++";
				CLANG_ENABLE_MODULES = YES;
				CLANG_ENABLE_OBJC_ARC = YES;
				CLANG_ENABLE_OBJC_WEAK = YES;
				CLANG_WARN_BLOCK_CAPTURE_AUTORELEASING = YES;
				CLANG_WARN_BOOL_CONVERSION = YES;
				CLANG_WARN_COMMA = YES;
				CLANG_WARN_CONSTANT_CONVERSION = YES;
				CLANG_WARN_DEPRECATED_OBJC_IMPLEMENTATIONS = YES;
				CLANG_WARN_DIRECT_OBJC_ISA_USAGE = YES_ERROR;
				CLANG_WARN_DOCUMENTATION_COMMENTS = YES;
				CLANG_WARN_EMPTY_BODY = YES;
				CLANG_WARN_ENUM_CONVERSION = YES;
				CLANG_WARN_INFINITE_RECURSION = YES;
				CLANG_WARN_INT_CONVERSION = YES;
				CLANG_WARN_NON_LITERAL_NULL_CONVERSION = YES;
				CLANG_WARN_OBJC_IMPLICIT_RETAIN_SELF = YES;
				CLANG_WARN_OBJC_LITERAL_CONVERSION = YES;
				CLANG_WARN_OBJC_ROOT_CLASS = YES_ERROR;
				CLANG_WARN_QUOTED_INCLUDE_IN_FRAMEWORK_HEADER = YES;
				CLANG_WARN_RANGE_LOOP_ANALYSIS = YES;
				CLANG_WARN_STRICT_PROTOTYPES = YES;
				CLANG_WARN_SUSPICIOUS_MOVE = YES;
				CLANG_WARN_UNGUARDED_AVAILABILITY = YES_AGGRESSIVE;
				CLANG_WARN_UNREACHABLE_CODE = YES;
				CLANG_WARN__DUPLICATE_METHOD_MATCH = YES;
				COPY_PHASE_STRIP = NO;
				DEBUG_INFORMATION_FORMAT = "dwarf-with-dsym";
				ENABLE_NS_ASSERTIONS = NO;
				ENABLE_STRICT_OBJC_MSGSEND = YES;
				GCC_C_LANGUAGE_STANDARD = gnu11;
				GCC_NO_COMMON_BLOCKS = YES;
				GCC_WARN_64_TO_32_BIT_CONVERSION = YES;
				GCC_WARN_ABOUT_RETURN_TYPE = YES_ERROR;
				GCC_WARN_UNDECLARED_SELECTOR = YES;
				GCC_WARN_UNINITIALIZED_AUTOS = YES_AGGRESSIVE;
				GCC_WARN_UNUSED_FUNCTION = YES;
				GCC_WARN_UNUSED_VARIABLE = YES;
				IPHONEOS_DEPLOYMENT_TARGET = 14.0;
				MTL_ENABLE_DEBUG_INFO = NO;
				MTL_FAST_MATH = YES;
				SDKROOT = iphoneos;
				SWIFT_COMPILATION_MODE = wholemodule;
				SWIFT_OPTIMIZATION_LEVEL = "-O";
				VALIDATE_PRODUCT = YES;
			};
			name = Release;
		};
		2F0861852534BC88009160B1 /* Debug */ = {
			isa = XCBuildConfiguration;
			baseConfigurationReference = 1D1378A3EF0962BE9BA82A79 /* Pods-ProyectoLizama.debug.xcconfig */;
			buildSettings = {
				ASSETCATALOG_COMPILER_APPICON_NAME = AppIcon;
				ASSETCATALOG_COMPILER_GLOBAL_ACCENT_COLOR_NAME = AccentColor;
				CODE_SIGN_STYLE = Automatic;
				INFOPLIST_FILE = ProyectoLizama/Info.plist;
				LD_RUNPATH_SEARCH_PATHS = (
					"$(inherited)",
					"@executable_path/Frameworks",
				);
				PRODUCT_BUNDLE_IDENTIFIER = com.hennrynino.ProyectoLizama;
				PRODUCT_NAME = "$(TARGET_NAME)";
				SWIFT_VERSION = 5.0;
				TARGETED_DEVICE_FAMILY = "1,2";
			};
			name = Debug;
		};
		2F0861862534BC88009160B1 /* Release */ = {
			isa = XCBuildConfiguration;
			baseConfigurationReference = F97C3ED95F9B75AFA70D24CA /* Pods-ProyectoLizama.release.xcconfig */;
			buildSettings = {
				ASSETCATALOG_COMPILER_APPICON_NAME = AppIcon;
				ASSETCATALOG_COMPILER_GLOBAL_ACCENT_COLOR_NAME = AccentColor;
				CODE_SIGN_STYLE = Automatic;
				INFOPLIST_FILE = ProyectoLizama/Info.plist;
				LD_RUNPATH_SEARCH_PATHS = (
					"$(inherited)",
					"@executable_path/Frameworks",
				);
				PRODUCT_BUNDLE_IDENTIFIER = com.hennrynino.ProyectoLizama;
				PRODUCT_NAME = "$(TARGET_NAME)";
				SWIFT_VERSION = 5.0;
				TARGETED_DEVICE_FAMILY = "1,2";
			};
			name = Release;
		};
/* End XCBuildConfiguration section */

/* Begin XCConfigurationList section */
		2F08616B2534BC85009160B1 /* Build configuration list for PBXProject "ProyectoLizama" */ = {
			isa = XCConfigurationList;
			buildConfigurations = (
				2F0861822534BC88009160B1 /* Debug */,
				2F0861832534BC88009160B1 /* Release */,
			);
			defaultConfigurationIsVisible = 0;
			defaultConfigurationName = Release;
		};
		2F0861842534BC88009160B1 /* Build configuration list for PBXNativeTarget "ProyectoLizama" */ = {
			isa = XCConfigurationList;
			buildConfigurations = (
				2F0861852534BC88009160B1 /* Debug */,
				2F0861862534BC88009160B1 /* Release */,
			);
			defaultConfigurationIsVisible = 0;
			defaultConfigurationName = Release;
		};
/* End XCConfigurationList section */
	};
	rootObject = 2F0861682534BC85009160B1 /* Project object */;
}
